
Microsoft Visual Studio Solution File, Format Version 12.00
# Visual Studio Version 17
VisualStudioVersion = 17.0.32014.148
MinimumVisualStudioVersion = 10.0.40219.1
Project("{FAE04EC0-301F-11D3-BF4B-00C04F79EFBC}") = "ProductManagementSystem", "ProductManagementSystem\ProductManagementSystem.csproj", "{866FCD0E-E533-43EC-BF17-485DBBA1F48B}"
EndProject
Global
	GlobalSection(SolutionConfigurationPlatforms) = preSolution
		Debug|Any CPU = Debug|Any CPU
		Release|Any CPU = Release|Any CPU
	EndGlobalSection
	GlobalSection(ProjectConfigurationPlatforms) = postSolution
		{866FCD0E-E533-43EC-BF17-485DBBA1F48B}.Debug|Any CPU.ActiveCfg = Debug|Any CPU
		{866FCD0E-E533-43EC-BF17-485DBBA1F48B}.Debug|Any CPU.Build.0 = Debug|Any CPU
		{866FCD0E-E533-43EC-BF17-485DBBA1F48B}.Release|Any CPU.ActiveCfg = Release|Any CPU
		{866FCD0E-E533-43EC-BF17-485DBBA1F48B}.Release|Any CPU.Build.0 = Release|Any CPU
	EndGlobalSection
	GlobalSection(SolutionProperties) = preSolution
		HideSolutionNode = FALSE
	EndGlobalSection
	GlobalSection(ExtensibilityGlobals) = postSolution
		SolutionGuid = {BB21F803-C191-4A96-9760-E77CCE71F054}
	EndGlobalSection
EndGlobal
